<?xml version="1.0" encoding="utf-8"?>
<Project ToolsVersion="4.0" xmlns="http://schemas.microsoft.com/developer/msbuild/2003">
  <ItemGroup>
    <ClCompile Include="j1Window.cpp">
      <Filter>Desenvolupament  ========\Modules</Filter>
    </ClCompile>
    <ClCompile Include="j1Audio.cpp">
      <Filter>Desenvolupament  ========\Modules</Filter>
    </ClCompile>
    <ClCompile Include="j1App.cpp">
      <Filter>Desenvolupament  ========</Filter>
    </ClCompile>
    <ClCompile Include="j1Input.cpp">
      <Filter>Desenvolupament  ========\Modules</Filter>
    </ClCompile>
    <ClCompile Include="j1Main.cpp">
      <Filter>Desenvolupament  ========</Filter>
    </ClCompile>
    <ClCompile Include="j1Render.cpp">
      <Filter>Desenvolupament  ========\Modules</Filter>
    </ClCompile>
    <ClCompile Include="j1Textures.cpp">
      <Filter>Desenvolupament  ========\Modules</Filter>
    </ClCompile>
    <ClCompile Include="p2Log.cpp">
      <Filter>Programacio 2 ===========</Filter>
    </ClCompile>
    <ClCompile Include="j1Scene.cpp">
      <Filter>Desenvolupament  ========\Scenes</Filter>
    </ClCompile>
    <ClCompile Include="PugiXml\src\pugixml.cpp">
      <Filter>Desenvolupament  ========\Tools\PuguiXML</Filter>
    </ClCompile>
    <ClCompile Include="j1Map.cpp">
      <Filter>Desenvolupament  ========\Modules</Filter>
    </ClCompile>
    <ClCompile Include="j1FadetoBlack.cpp">
      <Filter>Desenvolupament  ========\Modules</Filter>
    </ClCompile>
    <ClCompile Include="j1Collisions.cpp">
      <Filter>Desenvolupament  ========\Modules</Filter>
    </ClCompile>
    <ClCompile Include="j1PerfTimer.cpp">
      <Filter>Desenvolupament  ========\Tools</Filter>
    </ClCompile>
    <ClCompile Include="j1Timer.cpp">
      <Filter>Desenvolupament  ========\Tools</Filter>
    </ClCompile>
    <ClCompile Include="j1Pathfinding.cpp">
      <Filter>Desenvolupament  ========\Modules</Filter>
    </ClCompile>
    <ClCompile Include="Entity.cpp">
      <Filter>Desenvolupament  ========\Modules</Filter>
    </ClCompile>
    <ClCompile Include="j1Entity.cpp">
      <Filter>Desenvolupament  ========\Modules</Filter>
    </ClCompile>
    <ClCompile Include="EyeMonster.cpp">
      <Filter>Desenvolupament  ========\Modules\Entities</Filter>
    </ClCompile>
    <ClCompile Include="boar.cpp">
      <Filter>Desenvolupament  ========\Modules\Entities</Filter>
    </ClCompile>
    <ClCompile Include="Player.cpp">
      <Filter>Desenvolupament  ========\Modules\Entities</Filter>
    </ClCompile>
    <ClCompile Include="j1GUI.cpp">
      <Filter>Desenvolupament  ========\Modules</Filter>
    </ClCompile>
    <ClCompile Include="GUI.cpp">
      <Filter>Desenvolupament  ========\Modules</Filter>
    </ClCompile>
    <ClCompile Include="Button.cpp">
      <Filter>Desenvolupament  ========\Modules\GUI</Filter>
    </ClCompile>
    <ClCompile Include="Sprites.cpp">
      <Filter>Desenvolupament  ========\Modules\GUI</Filter>
    </ClCompile>
    <ClCompile Include="Lifes.cpp">
      <Filter>Desenvolupament  ========\Modules\GUI\Sprites</Filter>
    </ClCompile>
    <ClCompile Include="ProgresionBar.cpp">
      <Filter>Desenvolupament  ========\Modules\GUI\Sprites</Filter>
    </ClCompile>
    <ClCompile Include="Bar.cpp">
      <Filter>Desenvolupament  ========\Modules\GUI\Sprites</Filter>
    </ClCompile>
    <ClCompile Include="Collective.cpp">
      <Filter>Desenvolupament  ========\Modules\GUI</Filter>
    </ClCompile>
    <ClCompile Include="Coins.cpp">
      <Filter>Desenvolupament  ========\Modules\GUI\Collective</Filter>
    </ClCompile>
    <ClCompile Include="SCoin.cpp">
      <Filter>Desenvolupament  ========\Modules\GUI\Sprites</Filter>
    </ClCompile>
  </ItemGroup>
  <ItemGroup>
    <ClInclude Include="j1Window.h">
      <Filter>Desenvolupament  ========\Modules</Filter>
    </ClInclude>
    <ClInclude Include="j1Audio.h">
      <Filter>Desenvolupament  ========\Modules</Filter>
    </ClInclude>
    <ClInclude Include="j1App.h">
      <Filter>Desenvolupament  ========</Filter>
    </ClInclude>
    <ClInclude Include="j1Input.h">
      <Filter>Desenvolupament  ========\Modules</Filter>
    </ClInclude>
    <ClInclude Include="j1Module.h">
      <Filter>Desenvolupament  ========</Filter>
    </ClInclude>
    <ClInclude Include="j1Render.h">
      <Filter>Desenvolupament  ========\Modules</Filter>
    </ClInclude>
    <ClInclude Include="j1Textures.h">
      <Filter>Desenvolupament  ========\Modules</Filter>
    </ClInclude>
    <ClInclude Include="p2Defs.h">
      <Filter>Programacio 2 ===========</Filter>
    </ClInclude>
    <ClInclude Include="p2List.h">
      <Filter>Programacio 2 ===========</Filter>
    </ClInclude>
    <ClInclude Include="p2Log.h">
      <Filter>Programacio 2 ===========</Filter>
    </ClInclude>
    <ClInclude Include="p2SString.h">
      <Filter>Programacio 2 ===========</Filter>
    </ClInclude>
    <ClInclude Include="p2Point.h">
      <Filter>Programacio 2 ===========</Filter>
    </ClInclude>
    <ClInclude Include="p2DynArray.h">
      <Filter>Programacio 2 ===========</Filter>
    </ClInclude>
    <ClInclude Include="j1Scene.h">
      <Filter>Desenvolupament  ========\Scenes</Filter>
    </ClInclude>
    <ClInclude Include="PugiXml\src\pugiconfig.hpp">
      <Filter>Desenvolupament  ========\Tools\PuguiXML</Filter>
    </ClInclude>
    <ClInclude Include="PugiXml\src\pugixml.hpp">
      <Filter>Desenvolupament  ========\Tools\PuguiXML</Filter>
    </ClInclude>
    <ClInclude Include="j1Map.h">
      <Filter>Desenvolupament  ========\Modules</Filter>
    </ClInclude>
    <ClInclude Include="j1FadetoBlack.h">
      <Filter>Desenvolupament  ========\Modules</Filter>
    </ClInclude>
    <ClInclude Include="j1Collisions.h">
      <Filter>Desenvolupament  ========\Modules</Filter>
    </ClInclude>
    <ClInclude Include="j1PerfTimer.h">
      <Filter>Desenvolupament  ========\Tools</Filter>
    </ClInclude>
    <ClInclude Include="j1Timer.h">
      <Filter>Desenvolupament  ========\Tools</Filter>
    </ClInclude>
    <ClInclude Include="j1Pathfinding.h">
      <Filter>Desenvolupament  ========\Modules</Filter>
    </ClInclude>
    <ClInclude Include="Entity.h">
      <Filter>Desenvolupament  ========\Modules</Filter>
    </ClInclude>
    <ClInclude Include="j1Entity.h">
      <Filter>Desenvolupament  ========\Modules</Filter>
    </ClInclude>
    <ClInclude Include="EyeMonster.h">
      <Filter>Desenvolupament  ========\Modules\Entities</Filter>
    </ClInclude>
    <ClInclude Include="boar.h">
      <Filter>Desenvolupament  ========\Modules\Entities</Filter>
    </ClInclude>
    <ClInclude Include="Player.h">
      <Filter>Desenvolupament  ========\Modules\Entities</Filter>
    </ClInclude>
    <ClInclude Include="j1GUI.h">
      <Filter>Desenvolupament  ========\Modules</Filter>
    </ClInclude>
    <ClInclude Include="GUI.h">
      <Filter>Desenvolupament  ========\Modules</Filter>
    </ClInclude>
    <ClInclude Include="Button.h">
      <Filter>Desenvolupament  ========\Modules\GUI</Filter>
    </ClInclude>
    <ClInclude Include="Sprites.h">
      <Filter>Desenvolupament  ========\Modules\GUI</Filter>
    </ClInclude>
    <ClInclude Include="Lifes.h">
      <Filter>Desenvolupament  ========\Modules\GUI\Sprites</Filter>
    </ClInclude>
    <ClInclude Include="ProgresionBar.h">
      <Filter>Desenvolupament  ========\Modules\GUI\Sprites</Filter>
    </ClInclude>
    <ClInclude Include="Bar.h">
      <Filter>Desenvolupament  ========\Modules\GUI\Sprites</Filter>
    </ClInclude>
    <ClInclude Include="Collective.h">
      <Filter>Desenvolupament  ========\Modules\GUI</Filter>
    </ClInclude>
    <ClInclude Include="Coins.h">
      <Filter>Desenvolupament  ========\Modules\GUI\Collective</Filter>
    </ClInclude>
    <ClInclude Include="SCoin.h">
      <Filter>Desenvolupament  ========\Modules\GUI\Sprites</Filter>
    </ClInclude>
  </ItemGroup>
  <ItemGroup>
    <Filter Include="Programacio 2 ===========">
      <UniqueIdentifier>{a8bfab6a-5472-4969-943e-861a8b493f08}</UniqueIdentifier>
    </Filter>
    <Filter Include="Desenvolupament  ========">
      <UniqueIdentifier>{cb944693-b9d0-484c-bad2-02d5a7cdbec6}</UniqueIdentifier>
    </Filter>
    <Filter Include="Desenvolupament  ========\Tools">
      <UniqueIdentifier>{42c748be-4a37-49de-970f-5be811d06b38}</UniqueIdentifier>
    </Filter>
    <Filter Include="Desenvolupament  ========\Scenes">
      <UniqueIdentifier>{e07660eb-d36f-4cc9-af59-324d31c2f2f6}</UniqueIdentifier>
    </Filter>
    <Filter Include="Desenvolupament  ========\Modules">
      <UniqueIdentifier>{244722d1-90ce-423d-8e7a-556211865a32}</UniqueIdentifier>
    </Filter>
    <Filter Include="Desenvolupament  ========\Tools\PuguiXML">
      <UniqueIdentifier>{7cb78d67-17cc-45eb-af97-e2106becce7b}</UniqueIdentifier>
    </Filter>
    <Filter Include="Desenvolupament  ========\Modules\Entities">
      <UniqueIdentifier>{85f3d21e-4508-4f64-851a-4433b9016ef2}</UniqueIdentifier>
    </Filter>
    <Filter Include="Desenvolupament  ========\Modules\GUI">
      <UniqueIdentifier>{964dcda0-e919-40f7-a124-b574d49eade7}</UniqueIdentifier>
    </Filter>
    <Filter Include="Desenvolupament  ========\Modules\GUI\Sprites">
      <UniqueIdentifier>{985c7315-878e-4b8b-bae3-5b69fa9d37bd}</UniqueIdentifier>
    </Filter>
    <Filter Include="Desenvolupament  ========\Modules\GUI\Collective">
      <UniqueIdentifier>{eab76bef-feef-4945-9cc7-5f7ef4eb85e2}</UniqueIdentifier>
    </Filter>
  </ItemGroup>
</Project>